
Microsoft Visual Studio Solution File, Format Version 12.00
# Visual Studio Version 16
VisualStudioVersion = 16.0.29806.167
MinimumVisualStudioVersion = 10.0.40219.1
Project("{FAE04EC0-301F-11D3-BF4B-00C04F79EFBC}") = "задание 1", "задание 1\задание 1.csproj", "{EB4CDC94-C6B0-41CE-B2FB-C78987EBDA48}"
EndProject
Project("{FAE04EC0-301F-11D3-BF4B-00C04F79EFBC}") = "задание 1 (консоль)", "задание 1 (консоль)\задание 1 (консоль).csproj", "{50013FE0-1E21-4F91-B599-3A548958148B}"
EndProject
Project("{FAE04EC0-301F-11D3-BF4B-00C04F79EFBC}") = "задание 2", "..\..\..\..\Desktop\архив курсов\1 курс\практика\задание 2\ооо\задание 2.csproj", "{8239A0DD-8812-423E-A1FD-1CEAA76D34A9}"
EndProject
Global
	GlobalSection(SolutionConfigurationPlatforms) = preSolution
		Debug|Any CPU = Debug|Any CPU
		Release|Any CPU = Release|Any CPU
	EndGlobalSection
	GlobalSection(ProjectConfigurationPlatforms) = postSolution
		{EB4CDC94-C6B0-41CE-B2FB-C78987EBDA48}.Debug|Any CPU.ActiveCfg = Debug|Any CPU
		{EB4CDC94-C6B0-41CE-B2FB-C78987EBDA48}.Debug|Any CPU.Build.0 = Debug|Any CPU
		{EB4CDC94-C6B0-41CE-B2FB-C78987EBDA48}.Release|Any CPU.ActiveCfg = Release|Any CPU
		{EB4CDC94-C6B0-41CE-B2FB-C78987EBDA48}.Release|Any CPU.Build.0 = Release|Any CPU
		{50013FE0-1E21-4F91-B599-3A548958148B}.Debug|Any CPU.ActiveCfg = Debug|Any CPU
		{50013FE0-1E21-4F91-B599-3A548958148B}.Debug|Any CPU.Build.0 = Debug|Any CPU
		{50013FE0-1E21-4F91-B599-3A548958148B}.Release|Any CPU.ActiveCfg = Release|Any CPU
		{50013FE0-1E21-4F91-B599-3A548958148B}.Release|Any CPU.Build.0 = Release|Any CPU
		{8239A0DD-8812-423E-A1FD-1CEAA76D34A9}.Debug|Any CPU.ActiveCfg = Debug|Any CPU
		{8239A0DD-8812-423E-A1FD-1CEAA76D34A9}.Debug|Any CPU.Build.0 = Debug|Any CPU
		{8239A0DD-8812-423E-A1FD-1CEAA76D34A9}.Release|Any CPU.ActiveCfg = Release|Any CPU
		{8239A0DD-8812-423E-A1FD-1CEAA76D34A9}.Release|Any CPU.Build.0 = Release|Any CPU
	EndGlobalSection
	GlobalSection(SolutionProperties) = preSolution
		HideSolutionNode = FALSE
	EndGlobalSection
	GlobalSection(ExtensibilityGlobals) = postSolution
		SolutionGuid = {EF2847BF-0D8A-4960-87DC-FACCE55FA4E7}
	EndGlobalSection
EndGlobal
